
Microsoft Visual Studio Solution File, Format Version 12.00
# Visual Studio Version 17
VisualStudioVersion = 17.6.33829.357
MinimumVisualStudioVersion = 10.0.40219.1
Project("{8BC9CEB8-8B4A-11D0-8D11-00A0C91BC942}") = "CUDA_LatticeBoltzmann_Fluid_2D", "CUDA_LatticeBoltzmann_Fluid_2D.vcxproj", "{4005E8CC-F0CE-4E8F-AB44-EA054779FDA1}"
EndProject
Global
	GlobalSection(SolutionConfigurationPlatforms) = preSolution
		Debug|x64 = Debug|x64
		Release|x64 = Release|x64
	EndGlobalSection
	GlobalSection(ProjectConfigurationPlatforms) = postSolution
		{4005E8CC-F0CE-4E8F-AB44-EA054779FDA1}.Debug|x64.ActiveCfg = Debug|x64
		{4005E8CC-F0CE-4E8F-AB44-EA054779FDA1}.Debug|x64.Build.0 = Debug|x64
		{4005E8CC-F0CE-4E8F-AB44-EA054779FDA1}.Release|x64.ActiveCfg = Release|x64
		{4005E8CC-F0CE-4E8F-AB44-EA054779FDA1}.Release|x64.Build.0 = Release|x64
	EndGlobalSection
	GlobalSection(SolutionProperties) = preSolution
		HideSolutionNode = FALSE
	EndGlobalSection
	GlobalSection(ExtensibilityGlobals) = postSolution
		SolutionGuid = {085AE6C7-DC94-4889-A3C8-A46A9C1512C0}
	EndGlobalSection
EndGlobal
